{
  "version": 4,
  "terraform_version": "1.13.3",
  "serial": 38,
  "lineage": "b4074a5e-4179-ac8e-b99d-875fd7942091",
  "outputs": {},
  "resources": [
    {
      "mode": "managed",
      "type": "aws_eip",
      "name": "go_app_ip",
      "provider": "provider[\"registry.terraform.io/hashicorp/aws\"]",
      "instances": [
        {
          "schema_version": 0,
          "attributes": {
            "address": null,
            "allocation_id": "eipalloc-094b65863bc1e02a4",
            "arn": "arn:aws:ec2:ca-west-1:066691736159:elastic-ip/eipalloc-094b65863bc1e02a4",
            "associate_with_private_ip": null,
            "association_id": "eipassoc-0c399767a081f49af",
            "carrier_ip": "",
            "customer_owned_ip": "",
            "customer_owned_ipv4_pool": "",
            "domain": "vpc",
            "id": "eipalloc-094b65863bc1e02a4",
            "instance": "i-0f1112e230df1474e",
            "ipam_pool_id": null,
            "network_border_group": "ca-west-1",
            "network_interface": "eni-05c62a6fda7020e2e",
            "private_dns": "ip-172-31-41-63.ca-west-1.compute.internal",
            "private_ip": "172.31.41.63",
            "ptr_record": "",
            "public_dns": "ec2-40-177-233-0.ca-west-1.compute.amazonaws.com",
            "public_ip": "40.177.233.0",
            "public_ipv4_pool": "amazon",
            "region": "ca-west-1",
            "tags": {},
            "tags_all": {},
            "timeouts": null
          },
          "sensitive_attributes": [],
          "identity_schema_version": 0,
          "private": "eyJlMmJmYjczMC1lY2FhLTExZTYtOGY4OC0zNDM2M2JjN2M0YzAiOnsiZGVsZXRlIjoxODAwMDAwMDAwMDAsInJlYWQiOjkwMDAwMDAwMDAwMCwidXBkYXRlIjozMDAwMDAwMDAwMDB9fQ==",
          "dependencies": [
            "aws_instance.go_app",
            "aws_key_pair.go_key",
            "aws_security_group.go_app_sg"
          ]
        }
      ]
    },
    {
      "mode": "managed",
      "type": "aws_instance",
      "name": "go_app",
      "provider": "provider[\"registry.terraform.io/hashicorp/aws\"]",
      "instances": [
        {
          "schema_version": 2,
          "attributes": {
            "ami": "ami-069e78ac413158ee1",
            "arn": "arn:aws:ec2:ca-west-1:066691736159:instance/i-0f1112e230df1474e",
            "associate_public_ip_address": true,
            "availability_zone": "ca-west-1a",
            "capacity_reservation_specification": [
              {
                "capacity_reservation_preference": "open",
                "capacity_reservation_target": []
              }
            ],
            "cpu_options": [
              {
                "amd_sev_snp": "",
                "core_count": 1,
                "threads_per_core": 2
              }
            ],
            "credit_specification": [
              {
                "cpu_credits": "unlimited"
              }
            ],
            "disable_api_stop": false,
            "disable_api_termination": false,
            "ebs_block_device": [],
            "ebs_optimized": false,
            "enable_primary_ipv6": null,
            "enclave_options": [
              {
                "enabled": false
              }
            ],
            "ephemeral_block_device": [],
            "force_destroy": false,
            "get_password_data": false,
            "hibernation": false,
            "host_id": "",
            "host_resource_group_arn": null,
            "iam_instance_profile": "",
            "id": "i-0f1112e230df1474e",
            "instance_initiated_shutdown_behavior": "stop",
            "instance_lifecycle": "",
            "instance_market_options": [],
            "instance_state": "running",
            "instance_type": "t3.micro",
            "ipv6_address_count": 0,
            "ipv6_addresses": [],
            "key_name": "personal-site-key",
            "launch_template": [],
            "maintenance_options": [
              {
                "auto_recovery": "default"
              }
            ],
            "metadata_options": [
              {
                "http_endpoint": "enabled",
                "http_protocol_ipv6": "disabled",
                "http_put_response_hop_limit": 2,
                "http_tokens": "required",
                "instance_metadata_tags": "disabled"
              }
            ],
            "monitoring": false,
            "network_interface": [],
            "outpost_arn": "",
            "password_data": "",
            "placement_group": "",
            "placement_group_id": "",
            "placement_partition_number": 0,
            "primary_network_interface": [
              {
                "delete_on_termination": true,
                "network_interface_id": "eni-05c62a6fda7020e2e"
              }
            ],
            "primary_network_interface_id": "eni-05c62a6fda7020e2e",
            "private_dns": "ip-172-31-41-63.ca-west-1.compute.internal",
            "private_dns_name_options": [
              {
                "enable_resource_name_dns_a_record": false,
                "enable_resource_name_dns_aaaa_record": false,
                "hostname_type": "ip-name"
              }
            ],
            "private_ip": "172.31.41.63",
            "public_dns": "ec2-40-177-233-0.ca-west-1.compute.amazonaws.com",
            "public_ip": "40.177.233.0",
            "region": "ca-west-1",
            "root_block_device": [
              {
                "delete_on_termination": true,
                "device_name": "/dev/xvda",
                "encrypted": false,
                "iops": 3000,
                "kms_key_id": "",
                "tags": {},
                "tags_all": {},
                "throughput": 125,
                "volume_id": "vol-02f9a058b078f498f",
                "volume_size": 8,
                "volume_type": "gp3"
              }
            ],
            "secondary_private_ips": [],
            "security_groups": [
              "go-app-sg"
            ],
            "source_dest_check": true,
            "spot_instance_request_id": "",
            "subnet_id": "subnet-04955ffdb99f017a5",
            "tags": {
              "Name": "personal-site"
            },
            "tags_all": {
              "Name": "personal-site"
            },
            "tenancy": "default",
            "timeouts": null,
            "user_data": "#!/bin/bash\n# Update system\nsudo dnf update -y\n\nsudo dnf install -y git\n\nsudo dnf install -y docker\nsudo systemctl enable docker\nsudo systemctl start docker\n\nsudo usermod -aG docker ec2-user\n\nsudo curl -L \"https://github.com/docker/compose/releases/download/v2.28.2/docker-compose-linux-x86_64\" -o /usr/local/bin/docker-compose\nsudo chmod +x /usr/local/bin/docker-compose\n",
            "user_data_base64": null,
            "user_data_replace_on_change": false,
            "volume_tags": null,
            "vpc_security_group_ids": [
              "sg-0d7708061c1847964"
            ]
          },
          "sensitive_attributes": [],
          "identity_schema_version": 0,
          "identity": {
            "account_id": "066691736159",
            "id": "i-0f1112e230df1474e",
            "region": "ca-west-1"
          },
          "private": "eyJlMmJmYjczMC1lY2FhLTExZTYtOGY4OC0zNDM2M2JjN2M0YzAiOnsiY3JlYXRlIjo2MDAwMDAwMDAwMDAsImRlbGV0ZSI6MTIwMDAwMDAwMDAwMCwicmVhZCI6OTAwMDAwMDAwMDAwLCJ1cGRhdGUiOjYwMDAwMDAwMDAwMH0sInNjaGVtYV92ZXJzaW9uIjoiMiJ9",
          "dependencies": [
            "aws_key_pair.go_key",
            "aws_security_group.go_app_sg"
          ],
          "create_before_destroy": true
        }
      ]
    },
    {
      "mode": "managed",
      "type": "aws_key_pair",
      "name": "go_key",
      "provider": "provider[\"registry.terraform.io/hashicorp/aws\"]",
      "instances": [
        {
          "schema_version": 1,
          "attributes": {
            "arn": "arn:aws:ec2:ca-west-1:066691736159:key-pair/personal-site-key",
            "fingerprint": "90:7b:19:b0:ba:c4:ec:5a:a0:95:4d:60:c3:a4:d7:0f",
            "id": "personal-site-key",
            "key_name": "personal-site-key",
            "key_name_prefix": "",
            "key_pair_id": "key-0e3af9b40d42bf2f9",
            "key_type": "rsa",
            "public_key": "ssh-rsa AAAAB3NzaC1yc2EAAAADAQABAAABAQDFSbpPh0g+55CY0tVfksM71c7ubGfZ991WHsNgy6R3hwOsqkvPiQhiIFGjiXFsvxsQPkFbuI4upCxEnuZHrcgqxfA4EbviIJH1hmQ8BWYCkwgpUpcen8lkLvf/rpKvu8jZwM0TslB2U4NMCuI1+Gq/hRI2AI0wWRxonW/vh51T9JInDQIq8XjVZKpHlWi++XvsBMJaCV06teAIBrl+d2EljYarFgg9KSFpXVk2kcvMXYeRptV/2O/lh+S6ooEnmWauICiRhEBauCrFT5gmcyo8IhS8jafQPGO2quEHemPlr+qetMzGAxKxP4cAcyZOozOQjiFo5Fk1hu5qFDs/9G8H",
            "region": "ca-west-1",
            "tags": {},
            "tags_all": {}
          },
          "sensitive_attributes": [],
          "identity_schema_version": 0,
          "private": "eyJzY2hlbWFfdmVyc2lvbiI6IjEifQ==",
          "create_before_destroy": true
        }
      ]
    },
    {
      "mode": "managed",
      "type": "aws_security_group",
      "name": "go_app_sg",
      "provider": "provider[\"registry.terraform.io/hashicorp/aws\"]",
      "instances": [
        {
          "schema_version": 1,
          "attributes": {
            "arn": "arn:aws:ec2:ca-west-1:066691736159:security-group/sg-0d7708061c1847964",
            "description": "Allow SSH and HTTP",
            "egress": [
              {
                "cidr_blocks": [
                  "0.0.0.0/0"
                ],
                "description": "",
                "from_port": 0,
                "ipv6_cidr_blocks": [],
                "prefix_list_ids": [],
                "protocol": "-1",
                "security_groups": [],
                "self": false,
                "to_port": 0
              }
            ],
            "id": "sg-0d7708061c1847964",
            "ingress": [
              {
                "cidr_blocks": [
                  "0.0.0.0/0"
                ],
                "description": "",
                "from_port": 22,
                "ipv6_cidr_blocks": [],
                "prefix_list_ids": [],
                "protocol": "tcp",
                "security_groups": [],
                "self": false,
                "to_port": 22
              },
              {
                "cidr_blocks": [
                  "0.0.0.0/0"
                ],
                "description": "",
                "from_port": 80,
                "ipv6_cidr_blocks": [],
                "prefix_list_ids": [],
                "protocol": "tcp",
                "security_groups": [],
                "self": false,
                "to_port": 80
              }
            ],
            "name": "go-app-sg",
            "name_prefix": "",
            "owner_id": "066691736159",
            "region": "ca-west-1",
            "revoke_rules_on_delete": null,
            "tags": {},
            "tags_all": {},
            "timeouts": null,
            "vpc_id": "vpc-067e4522e2094767b"
          },
          "sensitive_attributes": [],
          "identity_schema_version": 0,
          "identity": {
            "account_id": "066691736159",
            "id": "sg-0d7708061c1847964",
            "region": "ca-west-1"
          },
          "private": "eyJlMmJmYjczMC1lY2FhLTExZTYtOGY4OC0zNDM2M2JjN2M0YzAiOnsiY3JlYXRlIjo2MDAwMDAwMDAwMDAsImRlbGV0ZSI6OTAwMDAwMDAwMDAwfSwic2NoZW1hX3ZlcnNpb24iOiIxIn0=",
          "create_before_destroy": true
        }
      ]
    }
  ],
  "check_results": null
}
